
Microsoft Visual Studio Solution File, Format Version 12.00
# Visual Studio Version 17
VisualStudioVersion = 17.6.33712.159
MinimumVisualStudioVersion = 10.0.40219.1
Project("{FAE04EC0-301F-11D3-BF4B-00C04F79EFBC}") = "GerenciamentoDeMaquinas", "GerenciamentoDeMaquinas\GerenciamentoDeMaquinas.csproj", "{B7BF0DA7-3359-4A8C-BBB0-3D71B9BB2D5C}"
EndProject
Global
	GlobalSection(SolutionConfigurationPlatforms) = preSolution
		Debug|Any CPU = Debug|Any CPU
		Release|Any CPU = Release|Any CPU
	EndGlobalSection
	GlobalSection(ProjectConfigurationPlatforms) = postSolution
		{B7BF0DA7-3359-4A8C-BBB0-3D71B9BB2D5C}.Debug|Any CPU.ActiveCfg = Debug|Any CPU
		{B7BF0DA7-3359-4A8C-BBB0-3D71B9BB2D5C}.Debug|Any CPU.Build.0 = Debug|Any CPU
		{B7BF0DA7-3359-4A8C-BBB0-3D71B9BB2D5C}.Release|Any CPU.ActiveCfg = Release|Any CPU
		{B7BF0DA7-3359-4A8C-BBB0-3D71B9BB2D5C}.Release|Any CPU.Build.0 = Release|Any CPU
	EndGlobalSection
	GlobalSection(SolutionProperties) = preSolution
		HideSolutionNode = FALSE
	EndGlobalSection
	GlobalSection(ExtensibilityGlobals) = postSolution
		SolutionGuid = {727BFEBB-BA51-4C29-B7A9-4D4233B2930A}
	EndGlobalSection
EndGlobal
